
Microsoft Visual Studio Solution File, Format Version 12.00
# Visual Studio 15
VisualStudioVersion = 15.0.26228.4
MinimumVisualStudioVersion = 10.0.40219.1
Project("{FAE04EC0-301F-11D3-BF4B-00C04F79EFBC}") = "VideoConversion", "..\VideoConvert\VideoConversion\VideoConversion.csproj", "{2DA8C2A6-4D9C-47E9-9E8E-DBB9513997AB}"
EndProject
Project("{FAE04EC0-301F-11D3-BF4B-00C04F79EFBC}") = "VideoConvertLibrary", "..\VideoConvert\VideoConvertLibrary\VideoConvertLibrary.csproj", "{2E15F6DC-112A-4B5B-9FE0-92EAEB6DDE47}"
EndProject
Project("{FAE04EC0-301F-11D3-BF4B-00C04F79EFBC}") = "VideoConvertService", "..\VideoConvert\VideoConvertService\VideoConvertService.csproj", "{B96E8E59-A38C-4912-8C83-FB589FFE89AD}"
EndProject
Project("{FAE04EC0-301F-11D3-BF4B-00C04F79EFBC}") = "WindowsFormsApp1", "WindowsFormsApp1\WindowsFormsApp1.csproj", "{B68B6F45-D875-4E60-AC62-74F00A6A659D}"
EndProject
Project("{FAE04EC0-301F-11D3-BF4B-00C04F79EFBC}") = "Tesseract-OCR识别", "..\Tesseract-OCR\Tesseract-OCR识别\Tesseract-OCR识别.csproj", "{66A7BF8D-5B60-42D9-8877-4A4B06AAF84A}"
EndProject
Project("{FAE04EC0-301F-11D3-BF4B-00C04F79EFBC}") = "OCR", "..\OCR\OCR.csproj", "{9AD29266-2024-4645-AE83-45C79C0E9AB8}"
EndProject
Project("{2150E333-8FDC-42A3-9474-1A3956D46DE8}") = "XunJtFace", "XunJtFace", "{42806E82-CB81-49D1-BAA8-CB353850F40A}"
EndProject
Project("{FAE04EC0-301F-11D3-BF4B-00C04F79EFBC}") = "sdk.cs.control.components", "XunJtFace\control\sdk.cs.control.components\sdk.cs.control.components.csproj", "{9080DEAD-8978-40B3-B9F7-D431E602790B}"
EndProject
Project("{FAE04EC0-301F-11D3-BF4B-00C04F79EFBC}") = "sdk.cs.cloudsdk", "XunJtFace\sdk\sdk.cs.cloudsdk\sdk.cs.cloudsdk.csproj", "{94DCD478-1DF0-48DE-AA66-81A7596EEDAE}"
EndProject
Project("{FAE04EC0-301F-11D3-BF4B-00C04F79EFBC}") = "sdk.cs.netmanager", "XunJtFace\sdk\sdk.cs.netmanager\sdk.cs.netmanager.csproj", "{E601B714-688D-43F7-B5D8-E908400B91B7}"
EndProject
Project("{FAE04EC0-301F-11D3-BF4B-00C04F79EFBC}") = "sdk.cs.playmanager", "XunJtFace\sdk\sdk.cs.playmanager\sdk.cs.playmanager.csproj", "{B8E285E5-45E9-46F2-B67B-2E92AA9CDC69}"
EndProject
Project("{FAE04EC0-301F-11D3-BF4B-00C04F79EFBC}") = "XunJtFaceService", "XunJtFace\XunJtFaceService\XunJtFaceService.csproj", "{87CA834F-8043-4D25-8FEA-CD5AC5E0AB8B}"
EndProject
Project("{9A19103F-16F7-4668-BE54-9A1E7A4F7556}") = "PhpCls", "PhpCls\PhpCls.csproj", "{67A3985A-4307-46E8-8133-4DE974A72887}"
EndProject
Project("{FAE04EC0-301F-11D3-BF4B-00C04F79EFBC}") = "BigData", "BigData\BigData.csproj", "{E2D6D448-3F27-4F7C-BFD8-9167E5AAB244}"
EndProject
Project("{2150E333-8FDC-42A3-9474-1A3956D46DE8}") = "DB", "DB", "{09DA9B78-C525-4FDF-98FC-1BE3B331A47A}"
EndProject
Project("{FAE04EC0-301F-11D3-BF4B-00C04F79EFBC}") = "BLL", "E:\工作\code\2016.Portrait\Portrait.GateFramework\DB\BLL\BLL.csproj", "{5D1EB115-3CCD-4B35-9585-0103F387D49E}"
EndProject
Project("{FAE04EC0-301F-11D3-BF4B-00C04F79EFBC}") = "DAL", "E:\工作\code\2016.Portrait\Portrait.GateFramework\DB\DAL\DAL.csproj", "{5B2DB4F3-456F-442B-85EE-21454EAE2AA1}"
EndProject
Project("{FAE04EC0-301F-11D3-BF4B-00C04F79EFBC}") = "Model", "E:\工作\code\2016.Portrait\Portrait.GateFramework\DB\Model\Model.csproj", "{A8E0728B-0B45-4CAD-B12E-43426EB5D6CC}"
EndProject
Project("{FAE04EC0-301F-11D3-BF4B-00C04F79EFBC}") = "EF_Oracle", "EF_Oracle\EF_Oracle.csproj", "{C2D9C2A1-CE55-484F-AFCC-E11CC9AA43EA}"
EndProject
Project("{FAE04EC0-301F-11D3-BF4B-00C04F79EFBC}") = "8InchLinuxConfigTool", "8InchLinuxConfigTool\8InchLinuxConfigTool.csproj", "{5104D792-0AB1-4834-9B06-C5F5232A7F64}"
EndProject
Global
	GlobalSection(SolutionConfigurationPlatforms) = preSolution
		Debug|Any CPU = Debug|Any CPU
		Debug|x64 = Debug|x64
		Debug|x86 = Debug|x86
		Release|Any CPU = Release|Any CPU
		Release|x64 = Release|x64
		Release|x86 = Release|x86
	EndGlobalSection
	GlobalSection(ProjectConfigurationPlatforms) = postSolution
		{2DA8C2A6-4D9C-47E9-9E8E-DBB9513997AB}.Debug|Any CPU.ActiveCfg = Debug|Any CPU
		{2DA8C2A6-4D9C-47E9-9E8E-DBB9513997AB}.Debug|Any CPU.Build.0 = Debug|Any CPU
		{2DA8C2A6-4D9C-47E9-9E8E-DBB9513997AB}.Debug|x64.ActiveCfg = Debug|Any CPU
		{2DA8C2A6-4D9C-47E9-9E8E-DBB9513997AB}.Debug|x64.Build.0 = Debug|Any CPU
		{2DA8C2A6-4D9C-47E9-9E8E-DBB9513997AB}.Debug|x86.ActiveCfg = Debug|Any CPU
		{2DA8C2A6-4D9C-47E9-9E8E-DBB9513997AB}.Debug|x86.Build.0 = Debug|Any CPU
		{2DA8C2A6-4D9C-47E9-9E8E-DBB9513997AB}.Release|Any CPU.ActiveCfg = Release|Any CPU
		{2DA8C2A6-4D9C-47E9-9E8E-DBB9513997AB}.Release|Any CPU.Build.0 = Release|Any CPU
		{2DA8C2A6-4D9C-47E9-9E8E-DBB9513997AB}.Release|x64.ActiveCfg = Release|Any CPU
		{2DA8C2A6-4D9C-47E9-9E8E-DBB9513997AB}.Release|x64.Build.0 = Release|Any CPU
		{2DA8C2A6-4D9C-47E9-9E8E-DBB9513997AB}.Release|x86.ActiveCfg = Release|Any CPU
		{2DA8C2A6-4D9C-47E9-9E8E-DBB9513997AB}.Release|x86.Build.0 = Release|Any CPU
		{2E15F6DC-112A-4B5B-9FE0-92EAEB6DDE47}.Debug|Any CPU.ActiveCfg = Debug|Any CPU
		{2E15F6DC-112A-4B5B-9FE0-92EAEB6DDE47}.Debug|Any CPU.Build.0 = Debug|Any CPU
		{2E15F6DC-112A-4B5B-9FE0-92EAEB6DDE47}.Debug|x64.ActiveCfg = Debug|Any CPU
		{2E15F6DC-112A-4B5B-9FE0-92EAEB6DDE47}.Debug|x64.Build.0 = Debug|Any CPU
		{2E15F6DC-112A-4B5B-9FE0-92EAEB6DDE47}.Debug|x86.ActiveCfg = Debug|Any CPU
		{2E15F6DC-112A-4B5B-9FE0-92EAEB6DDE47}.Debug|x86.Build.0 = Debug|Any CPU
		{2E15F6DC-112A-4B5B-9FE0-92EAEB6DDE47}.Release|Any CPU.ActiveCfg = Release|Any CPU
		{2E15F6DC-112A-4B5B-9FE0-92EAEB6DDE47}.Release|Any CPU.Build.0 = Release|Any CPU
		{2E15F6DC-112A-4B5B-9FE0-92EAEB6DDE47}.Release|x64.ActiveCfg = Release|Any CPU
		{2E15F6DC-112A-4B5B-9FE0-92EAEB6DDE47}.Release|x64.Build.0 = Release|Any CPU
		{2E15F6DC-112A-4B5B-9FE0-92EAEB6DDE47}.Release|x86.ActiveCfg = Release|Any CPU
		{2E15F6DC-112A-4B5B-9FE0-92EAEB6DDE47}.Release|x86.Build.0 = Release|Any CPU
		{B96E8E59-A38C-4912-8C83-FB589FFE89AD}.Debug|Any CPU.ActiveCfg = Debug|Any CPU
		{B96E8E59-A38C-4912-8C83-FB589FFE89AD}.Debug|Any CPU.Build.0 = Debug|Any CPU
		{B96E8E59-A38C-4912-8C83-FB589FFE89AD}.Debug|x64.ActiveCfg = Debug|Any CPU
		{B96E8E59-A38C-4912-8C83-FB589FFE89AD}.Debug|x64.Build.0 = Debug|Any CPU
		{B96E8E59-A38C-4912-8C83-FB589FFE89AD}.Debug|x86.ActiveCfg = Debug|Any CPU
		{B96E8E59-A38C-4912-8C83-FB589FFE89AD}.Debug|x86.Build.0 = Debug|Any CPU
		{B96E8E59-A38C-4912-8C83-FB589FFE89AD}.Release|Any CPU.ActiveCfg = Release|Any CPU
		{B96E8E59-A38C-4912-8C83-FB589FFE89AD}.Release|Any CPU.Build.0 = Release|Any CPU
		{B96E8E59-A38C-4912-8C83-FB589FFE89AD}.Release|x64.ActiveCfg = Release|Any CPU
		{B96E8E59-A38C-4912-8C83-FB589FFE89AD}.Release|x64.Build.0 = Release|Any CPU
		{B96E8E59-A38C-4912-8C83-FB589FFE89AD}.Release|x86.ActiveCfg = Release|Any CPU
		{B96E8E59-A38C-4912-8C83-FB589FFE89AD}.Release|x86.Build.0 = Release|Any CPU
		{B68B6F45-D875-4E60-AC62-74F00A6A659D}.Debug|Any CPU.ActiveCfg = Debug|Any CPU
		{B68B6F45-D875-4E60-AC62-74F00A6A659D}.Debug|Any CPU.Build.0 = Debug|Any CPU
		{B68B6F45-D875-4E60-AC62-74F00A6A659D}.Debug|x64.ActiveCfg = Debug|Any CPU
		{B68B6F45-D875-4E60-AC62-74F00A6A659D}.Debug|x64.Build.0 = Debug|Any CPU
		{B68B6F45-D875-4E60-AC62-74F00A6A659D}.Debug|x86.ActiveCfg = Debug|Any CPU
		{B68B6F45-D875-4E60-AC62-74F00A6A659D}.Debug|x86.Build.0 = Debug|Any CPU
		{B68B6F45-D875-4E60-AC62-74F00A6A659D}.Release|Any CPU.ActiveCfg = Release|Any CPU
		{B68B6F45-D875-4E60-AC62-74F00A6A659D}.Release|Any CPU.Build.0 = Release|Any CPU
		{B68B6F45-D875-4E60-AC62-74F00A6A659D}.Release|x64.ActiveCfg = Release|Any CPU
		{B68B6F45-D875-4E60-AC62-74F00A6A659D}.Release|x64.Build.0 = Release|Any CPU
		{B68B6F45-D875-4E60-AC62-74F00A6A659D}.Release|x86.ActiveCfg = Release|Any CPU
		{B68B6F45-D875-4E60-AC62-74F00A6A659D}.Release|x86.Build.0 = Release|Any CPU
		{66A7BF8D-5B60-42D9-8877-4A4B06AAF84A}.Debug|Any CPU.ActiveCfg = Debug|Any CPU
		{66A7BF8D-5B60-42D9-8877-4A4B06AAF84A}.Debug|Any CPU.Build.0 = Debug|Any CPU
		{66A7BF8D-5B60-42D9-8877-4A4B06AAF84A}.Debug|x64.ActiveCfg = Debug|Any CPU
		{66A7BF8D-5B60-42D9-8877-4A4B06AAF84A}.Debug|x64.Build.0 = Debug|Any CPU
		{66A7BF8D-5B60-42D9-8877-4A4B06AAF84A}.Debug|x86.ActiveCfg = Debug|Any CPU
		{66A7BF8D-5B60-42D9-8877-4A4B06AAF84A}.Debug|x86.Build.0 = Debug|Any CPU
		{66A7BF8D-5B60-42D9-8877-4A4B06AAF84A}.Release|Any CPU.ActiveCfg = Release|Any CPU
		{66A7BF8D-5B60-42D9-8877-4A4B06AAF84A}.Release|Any CPU.Build.0 = Release|Any CPU
		{66A7BF8D-5B60-42D9-8877-4A4B06AAF84A}.Release|x64.ActiveCfg = Release|Any CPU
		{66A7BF8D-5B60-42D9-8877-4A4B06AAF84A}.Release|x64.Build.0 = Release|Any CPU
		{66A7BF8D-5B60-42D9-8877-4A4B06AAF84A}.Release|x86.ActiveCfg = Release|Any CPU
		{66A7BF8D-5B60-42D9-8877-4A4B06AAF84A}.Release|x86.Build.0 = Release|Any CPU
		{9AD29266-2024-4645-AE83-45C79C0E9AB8}.Debug|Any CPU.ActiveCfg = Debug|Any CPU
		{9AD29266-2024-4645-AE83-45C79C0E9AB8}.Debug|Any CPU.Build.0 = Debug|Any CPU
		{9AD29266-2024-4645-AE83-45C79C0E9AB8}.Debug|x64.ActiveCfg = Debug|Any CPU
		{9AD29266-2024-4645-AE83-45C79C0E9AB8}.Debug|x64.Build.0 = Debug|Any CPU
		{9AD29266-2024-4645-AE83-45C79C0E9AB8}.Debug|x86.ActiveCfg = Debug|Any CPU
		{9AD29266-2024-4645-AE83-45C79C0E9AB8}.Debug|x86.Build.0 = Debug|Any CPU
		{9AD29266-2024-4645-AE83-45C79C0E9AB8}.Release|Any CPU.ActiveCfg = Release|Any CPU
		{9AD29266-2024-4645-AE83-45C79C0E9AB8}.Release|Any CPU.Build.0 = Release|Any CPU
		{9AD29266-2024-4645-AE83-45C79C0E9AB8}.Release|x64.ActiveCfg = Release|Any CPU
		{9AD29266-2024-4645-AE83-45C79C0E9AB8}.Release|x64.Build.0 = Release|Any CPU
		{9AD29266-2024-4645-AE83-45C79C0E9AB8}.Release|x86.ActiveCfg = Release|Any CPU
		{9AD29266-2024-4645-AE83-45C79C0E9AB8}.Release|x86.Build.0 = Release|Any CPU
		{9080DEAD-8978-40B3-B9F7-D431E602790B}.Debug|Any CPU.ActiveCfg = Debug|x86
		{9080DEAD-8978-40B3-B9F7-D431E602790B}.Debug|x64.ActiveCfg = Debug|x64
		{9080DEAD-8978-40B3-B9F7-D431E602790B}.Debug|x64.Build.0 = Debug|x64
		{9080DEAD-8978-40B3-B9F7-D431E602790B}.Debug|x86.ActiveCfg = Debug|x86
		{9080DEAD-8978-40B3-B9F7-D431E602790B}.Debug|x86.Build.0 = Debug|x86
		{9080DEAD-8978-40B3-B9F7-D431E602790B}.Release|Any CPU.ActiveCfg = Release|x86
		{9080DEAD-8978-40B3-B9F7-D431E602790B}.Release|x64.ActiveCfg = Release|x64
		{9080DEAD-8978-40B3-B9F7-D431E602790B}.Release|x64.Build.0 = Release|x64
		{9080DEAD-8978-40B3-B9F7-D431E602790B}.Release|x86.ActiveCfg = Release|x86
		{9080DEAD-8978-40B3-B9F7-D431E602790B}.Release|x86.Build.0 = Release|x86
		{94DCD478-1DF0-48DE-AA66-81A7596EEDAE}.Debug|Any CPU.ActiveCfg = Debug|x86
		{94DCD478-1DF0-48DE-AA66-81A7596EEDAE}.Debug|x64.ActiveCfg = Debug|x64
		{94DCD478-1DF0-48DE-AA66-81A7596EEDAE}.Debug|x64.Build.0 = Debug|x64
		{94DCD478-1DF0-48DE-AA66-81A7596EEDAE}.Debug|x86.ActiveCfg = Debug|x86
		{94DCD478-1DF0-48DE-AA66-81A7596EEDAE}.Debug|x86.Build.0 = Debug|x86
		{94DCD478-1DF0-48DE-AA66-81A7596EEDAE}.Release|Any CPU.ActiveCfg = Release|x86
		{94DCD478-1DF0-48DE-AA66-81A7596EEDAE}.Release|x64.ActiveCfg = Release|x64
		{94DCD478-1DF0-48DE-AA66-81A7596EEDAE}.Release|x64.Build.0 = Release|x64
		{94DCD478-1DF0-48DE-AA66-81A7596EEDAE}.Release|x86.ActiveCfg = Release|x86
		{94DCD478-1DF0-48DE-AA66-81A7596EEDAE}.Release|x86.Build.0 = Release|x86
		{E601B714-688D-43F7-B5D8-E908400B91B7}.Debug|Any CPU.ActiveCfg = Debug|x86
		{E601B714-688D-43F7-B5D8-E908400B91B7}.Debug|x64.ActiveCfg = Debug|x64
		{E601B714-688D-43F7-B5D8-E908400B91B7}.Debug|x64.Build.0 = Debug|x64
		{E601B714-688D-43F7-B5D8-E908400B91B7}.Debug|x86.ActiveCfg = Debug|x86
		{E601B714-688D-43F7-B5D8-E908400B91B7}.Debug|x86.Build.0 = Debug|x86
		{E601B714-688D-43F7-B5D8-E908400B91B7}.Release|Any CPU.ActiveCfg = Release|x86
		{E601B714-688D-43F7-B5D8-E908400B91B7}.Release|x64.ActiveCfg = Release|x64
		{E601B714-688D-43F7-B5D8-E908400B91B7}.Release|x64.Build.0 = Release|x64
		{E601B714-688D-43F7-B5D8-E908400B91B7}.Release|x86.ActiveCfg = Release|x86
		{E601B714-688D-43F7-B5D8-E908400B91B7}.Release|x86.Build.0 = Release|x86
		{B8E285E5-45E9-46F2-B67B-2E92AA9CDC69}.Debug|Any CPU.ActiveCfg = Debug|x86
		{B8E285E5-45E9-46F2-B67B-2E92AA9CDC69}.Debug|x64.ActiveCfg = Debug|x64
		{B8E285E5-45E9-46F2-B67B-2E92AA9CDC69}.Debug|x64.Build.0 = Debug|x64
		{B8E285E5-45E9-46F2-B67B-2E92AA9CDC69}.Debug|x86.ActiveCfg = Debug|x86
		{B8E285E5-45E9-46F2-B67B-2E92AA9CDC69}.Debug|x86.Build.0 = Debug|x86
		{B8E285E5-45E9-46F2-B67B-2E92AA9CDC69}.Release|Any CPU.ActiveCfg = Release|x86
		{B8E285E5-45E9-46F2-B67B-2E92AA9CDC69}.Release|x64.ActiveCfg = Release|x64
		{B8E285E5-45E9-46F2-B67B-2E92AA9CDC69}.Release|x64.Build.0 = Release|x64
		{B8E285E5-45E9-46F2-B67B-2E92AA9CDC69}.Release|x86.ActiveCfg = Release|x86
		{B8E285E5-45E9-46F2-B67B-2E92AA9CDC69}.Release|x86.Build.0 = Release|x86
		{87CA834F-8043-4D25-8FEA-CD5AC5E0AB8B}.Debug|Any CPU.ActiveCfg = Debug|Any CPU
		{87CA834F-8043-4D25-8FEA-CD5AC5E0AB8B}.Debug|Any CPU.Build.0 = Debug|Any CPU
		{87CA834F-8043-4D25-8FEA-CD5AC5E0AB8B}.Debug|x64.ActiveCfg = Debug|Any CPU
		{87CA834F-8043-4D25-8FEA-CD5AC5E0AB8B}.Debug|x64.Build.0 = Debug|Any CPU
		{87CA834F-8043-4D25-8FEA-CD5AC5E0AB8B}.Debug|x86.ActiveCfg = Debug|Any CPU
		{87CA834F-8043-4D25-8FEA-CD5AC5E0AB8B}.Debug|x86.Build.0 = Debug|Any CPU
		{87CA834F-8043-4D25-8FEA-CD5AC5E0AB8B}.Release|Any CPU.ActiveCfg = Release|Any CPU
		{87CA834F-8043-4D25-8FEA-CD5AC5E0AB8B}.Release|Any CPU.Build.0 = Release|Any CPU
		{87CA834F-8043-4D25-8FEA-CD5AC5E0AB8B}.Release|x64.ActiveCfg = Release|Any CPU
		{87CA834F-8043-4D25-8FEA-CD5AC5E0AB8B}.Release|x64.Build.0 = Release|Any CPU
		{87CA834F-8043-4D25-8FEA-CD5AC5E0AB8B}.Release|x86.ActiveCfg = Release|Any CPU
		{87CA834F-8043-4D25-8FEA-CD5AC5E0AB8B}.Release|x86.Build.0 = Release|Any CPU
		{67A3985A-4307-46E8-8133-4DE974A72887}.Debug|Any CPU.ActiveCfg = Debug|Any CPU
		{67A3985A-4307-46E8-8133-4DE974A72887}.Debug|Any CPU.Build.0 = Debug|Any CPU
		{67A3985A-4307-46E8-8133-4DE974A72887}.Debug|x64.ActiveCfg = Debug|Any CPU
		{67A3985A-4307-46E8-8133-4DE974A72887}.Debug|x64.Build.0 = Debug|Any CPU
		{67A3985A-4307-46E8-8133-4DE974A72887}.Debug|x86.ActiveCfg = Debug|Any CPU
		{67A3985A-4307-46E8-8133-4DE974A72887}.Debug|x86.Build.0 = Debug|Any CPU
		{67A3985A-4307-46E8-8133-4DE974A72887}.Release|Any CPU.ActiveCfg = Release|Any CPU
		{67A3985A-4307-46E8-8133-4DE974A72887}.Release|Any CPU.Build.0 = Release|Any CPU
		{67A3985A-4307-46E8-8133-4DE974A72887}.Release|x64.ActiveCfg = Release|Any CPU
		{67A3985A-4307-46E8-8133-4DE974A72887}.Release|x64.Build.0 = Release|Any CPU
		{67A3985A-4307-46E8-8133-4DE974A72887}.Release|x86.ActiveCfg = Release|Any CPU
		{67A3985A-4307-46E8-8133-4DE974A72887}.Release|x86.Build.0 = Release|Any CPU
		{E2D6D448-3F27-4F7C-BFD8-9167E5AAB244}.Debug|Any CPU.ActiveCfg = Debug|Any CPU
		{E2D6D448-3F27-4F7C-BFD8-9167E5AAB244}.Debug|Any CPU.Build.0 = Debug|Any CPU
		{E2D6D448-3F27-4F7C-BFD8-9167E5AAB244}.Debug|x64.ActiveCfg = Debug|Any CPU
		{E2D6D448-3F27-4F7C-BFD8-9167E5AAB244}.Debug|x64.Build.0 = Debug|Any CPU
		{E2D6D448-3F27-4F7C-BFD8-9167E5AAB244}.Debug|x86.ActiveCfg = Debug|Any CPU
		{E2D6D448-3F27-4F7C-BFD8-9167E5AAB244}.Debug|x86.Build.0 = Debug|Any CPU
		{E2D6D448-3F27-4F7C-BFD8-9167E5AAB244}.Release|Any CPU.ActiveCfg = Release|Any CPU
		{E2D6D448-3F27-4F7C-BFD8-9167E5AAB244}.Release|Any CPU.Build.0 = Release|Any CPU
		{E2D6D448-3F27-4F7C-BFD8-9167E5AAB244}.Release|x64.ActiveCfg = Release|Any CPU
		{E2D6D448-3F27-4F7C-BFD8-9167E5AAB244}.Release|x64.Build.0 = Release|Any CPU
		{E2D6D448-3F27-4F7C-BFD8-9167E5AAB244}.Release|x86.ActiveCfg = Release|Any CPU
		{E2D6D448-3F27-4F7C-BFD8-9167E5AAB244}.Release|x86.Build.0 = Release|Any CPU
		{5D1EB115-3CCD-4B35-9585-0103F387D49E}.Debug|Any CPU.ActiveCfg = Debug|Any CPU
		{5D1EB115-3CCD-4B35-9585-0103F387D49E}.Debug|Any CPU.Build.0 = Debug|Any CPU
		{5D1EB115-3CCD-4B35-9585-0103F387D49E}.Debug|x64.ActiveCfg = Debug|Any CPU
		{5D1EB115-3CCD-4B35-9585-0103F387D49E}.Debug|x64.Build.0 = Debug|Any CPU
		{5D1EB115-3CCD-4B35-9585-0103F387D49E}.Debug|x86.ActiveCfg = Debug|Any CPU
		{5D1EB115-3CCD-4B35-9585-0103F387D49E}.Debug|x86.Build.0 = Debug|Any CPU
		{5D1EB115-3CCD-4B35-9585-0103F387D49E}.Release|Any CPU.ActiveCfg = Release|Any CPU
		{5D1EB115-3CCD-4B35-9585-0103F387D49E}.Release|Any CPU.Build.0 = Release|Any CPU
		{5D1EB115-3CCD-4B35-9585-0103F387D49E}.Release|x64.ActiveCfg = Release|Any CPU
		{5D1EB115-3CCD-4B35-9585-0103F387D49E}.Release|x64.Build.0 = Release|Any CPU
		{5D1EB115-3CCD-4B35-9585-0103F387D49E}.Release|x86.ActiveCfg = Release|Any CPU
		{5D1EB115-3CCD-4B35-9585-0103F387D49E}.Release|x86.Build.0 = Release|Any CPU
		{5B2DB4F3-456F-442B-85EE-21454EAE2AA1}.Debug|Any CPU.ActiveCfg = Debug|Any CPU
		{5B2DB4F3-456F-442B-85EE-21454EAE2AA1}.Debug|Any CPU.Build.0 = Debug|Any CPU
		{5B2DB4F3-456F-442B-85EE-21454EAE2AA1}.Debug|x64.ActiveCfg = Debug|Any CPU
		{5B2DB4F3-456F-442B-85EE-21454EAE2AA1}.Debug|x64.Build.0 = Debug|Any CPU
		{5B2DB4F3-456F-442B-85EE-21454EAE2AA1}.Debug|x86.ActiveCfg = Debug|Any CPU
		{5B2DB4F3-456F-442B-85EE-21454EAE2AA1}.Debug|x86.Build.0 = Debug|Any CPU
		{5B2DB4F3-456F-442B-85EE-21454EAE2AA1}.Release|Any CPU.ActiveCfg = Release|Any CPU
		{5B2DB4F3-456F-442B-85EE-21454EAE2AA1}.Release|Any CPU.Build.0 = Release|Any CPU
		{5B2DB4F3-456F-442B-85EE-21454EAE2AA1}.Release|x64.ActiveCfg = Release|Any CPU
		{5B2DB4F3-456F-442B-85EE-21454EAE2AA1}.Release|x64.Build.0 = Release|Any CPU
		{5B2DB4F3-456F-442B-85EE-21454EAE2AA1}.Release|x86.ActiveCfg = Release|Any CPU
		{5B2DB4F3-456F-442B-85EE-21454EAE2AA1}.Release|x86.Build.0 = Release|Any CPU
		{A8E0728B-0B45-4CAD-B12E-43426EB5D6CC}.Debug|Any CPU.ActiveCfg = Debug|Any CPU
		{A8E0728B-0B45-4CAD-B12E-43426EB5D6CC}.Debug|Any CPU.Build.0 = Debug|Any CPU
		{A8E0728B-0B45-4CAD-B12E-43426EB5D6CC}.Debug|x64.ActiveCfg = Debug|Any CPU
		{A8E0728B-0B45-4CAD-B12E-43426EB5D6CC}.Debug|x64.Build.0 = Debug|Any CPU
		{A8E0728B-0B45-4CAD-B12E-43426EB5D6CC}.Debug|x86.ActiveCfg = Debug|Any CPU
		{A8E0728B-0B45-4CAD-B12E-43426EB5D6CC}.Debug|x86.Build.0 = Debug|Any CPU
		{A8E0728B-0B45-4CAD-B12E-43426EB5D6CC}.Release|Any CPU.ActiveCfg = Release|Any CPU
		{A8E0728B-0B45-4CAD-B12E-43426EB5D6CC}.Release|Any CPU.Build.0 = Release|Any CPU
		{A8E0728B-0B45-4CAD-B12E-43426EB5D6CC}.Release|x64.ActiveCfg = Release|Any CPU
		{A8E0728B-0B45-4CAD-B12E-43426EB5D6CC}.Release|x64.Build.0 = Release|Any CPU
		{A8E0728B-0B45-4CAD-B12E-43426EB5D6CC}.Release|x86.ActiveCfg = Release|Any CPU
		{A8E0728B-0B45-4CAD-B12E-43426EB5D6CC}.Release|x86.Build.0 = Release|Any CPU
		{C2D9C2A1-CE55-484F-AFCC-E11CC9AA43EA}.Debug|Any CPU.ActiveCfg = Debug|Any CPU
		{C2D9C2A1-CE55-484F-AFCC-E11CC9AA43EA}.Debug|Any CPU.Build.0 = Debug|Any CPU
		{C2D9C2A1-CE55-484F-AFCC-E11CC9AA43EA}.Debug|x64.ActiveCfg = Debug|Any CPU
		{C2D9C2A1-CE55-484F-AFCC-E11CC9AA43EA}.Debug|x64.Build.0 = Debug|Any CPU
		{C2D9C2A1-CE55-484F-AFCC-E11CC9AA43EA}.Debug|x86.ActiveCfg = Debug|Any CPU
		{C2D9C2A1-CE55-484F-AFCC-E11CC9AA43EA}.Debug|x86.Build.0 = Debug|Any CPU
		{C2D9C2A1-CE55-484F-AFCC-E11CC9AA43EA}.Release|Any CPU.ActiveCfg = Release|Any CPU
		{C2D9C2A1-CE55-484F-AFCC-E11CC9AA43EA}.Release|Any CPU.Build.0 = Release|Any CPU
		{C2D9C2A1-CE55-484F-AFCC-E11CC9AA43EA}.Release|x64.ActiveCfg = Release|Any CPU
		{C2D9C2A1-CE55-484F-AFCC-E11CC9AA43EA}.Release|x64.Build.0 = Release|Any CPU
		{C2D9C2A1-CE55-484F-AFCC-E11CC9AA43EA}.Release|x86.ActiveCfg = Release|Any CPU
		{C2D9C2A1-CE55-484F-AFCC-E11CC9AA43EA}.Release|x86.Build.0 = Release|Any CPU
		{5104D792-0AB1-4834-9B06-C5F5232A7F64}.Debug|Any CPU.ActiveCfg = Debug|Any CPU
		{5104D792-0AB1-4834-9B06-C5F5232A7F64}.Debug|Any CPU.Build.0 = Debug|Any CPU
		{5104D792-0AB1-4834-9B06-C5F5232A7F64}.Debug|x64.ActiveCfg = Debug|Any CPU
		{5104D792-0AB1-4834-9B06-C5F5232A7F64}.Debug|x64.Build.0 = Debug|Any CPU
		{5104D792-0AB1-4834-9B06-C5F5232A7F64}.Debug|x86.ActiveCfg = Debug|Any CPU
		{5104D792-0AB1-4834-9B06-C5F5232A7F64}.Debug|x86.Build.0 = Debug|Any CPU
		{5104D792-0AB1-4834-9B06-C5F5232A7F64}.Release|Any CPU.ActiveCfg = Release|Any CPU
		{5104D792-0AB1-4834-9B06-C5F5232A7F64}.Release|Any CPU.Build.0 = Release|Any CPU
		{5104D792-0AB1-4834-9B06-C5F5232A7F64}.Release|x64.ActiveCfg = Release|Any CPU
		{5104D792-0AB1-4834-9B06-C5F5232A7F64}.Release|x64.Build.0 = Release|Any CPU
		{5104D792-0AB1-4834-9B06-C5F5232A7F64}.Release|x86.ActiveCfg = Release|Any CPU
		{5104D792-0AB1-4834-9B06-C5F5232A7F64}.Release|x86.Build.0 = Release|Any CPU
	EndGlobalSection
	GlobalSection(SolutionProperties) = preSolution
		HideSolutionNode = FALSE
	EndGlobalSection
	GlobalSection(NestedProjects) = preSolution
		{9080DEAD-8978-40B3-B9F7-D431E602790B} = {42806E82-CB81-49D1-BAA8-CB353850F40A}
		{94DCD478-1DF0-48DE-AA66-81A7596EEDAE} = {42806E82-CB81-49D1-BAA8-CB353850F40A}
		{E601B714-688D-43F7-B5D8-E908400B91B7} = {42806E82-CB81-49D1-BAA8-CB353850F40A}
		{B8E285E5-45E9-46F2-B67B-2E92AA9CDC69} = {42806E82-CB81-49D1-BAA8-CB353850F40A}
		{87CA834F-8043-4D25-8FEA-CD5AC5E0AB8B} = {42806E82-CB81-49D1-BAA8-CB353850F40A}
		{5D1EB115-3CCD-4B35-9585-0103F387D49E} = {09DA9B78-C525-4FDF-98FC-1BE3B331A47A}
		{5B2DB4F3-456F-442B-85EE-21454EAE2AA1} = {09DA9B78-C525-4FDF-98FC-1BE3B331A47A}
		{A8E0728B-0B45-4CAD-B12E-43426EB5D6CC} = {09DA9B78-C525-4FDF-98FC-1BE3B331A47A}
	EndGlobalSection
	GlobalSection(ExtensibilityGlobals) = postSolution
		SolutionGuid = {AD5F36FA-DCE6-41A7-B5DD-B4AD700E1C3D}
	EndGlobalSection
	GlobalSection(TeamFoundationVersionControl) = preSolution
		SccNumberOfProjects = 3
		SccEnterpriseProvider = {4CA58AB2-18FA-4F8D-95D4-32DDF27D184C}
		SccTeamFoundationServer = http://192.168.1.220:8080/tfs/2016-%E4%BA%BA%E5%83%8F%E6%8A%80%E6%9C%AF%E5%BC%80%E5%8F%91%E9%A1%B9%E7%9B%AE
		SccProjectUniqueName0 = E:\\工作\\code\\2016.Portrait\\Portrait.GateFramework\\DB\\BLL\\BLL.csproj
		SccProjectTopLevelParentUniqueName0 = TestSln.sln
		SccProjectName0 = $/2016.Portrait/Portrait.GateFramework/DB/BLL
		SccAuxPath0 = http://192.168.1.220:8080/tfs/2016-%E4%BA%BA%E5%83%8F%E6%8A%80%E6%9C%AF%E5%BC%80%E5%8F%91%E9%A1%B9%E7%9B%AE
		SccLocalPath0 = E:\\工作\\code\\2016.Portrait\\Portrait.GateFramework\\DB\\BLL
		SccProvider0 = {4CA58AB2-18FA-4F8D-95D4-32DDF27D184C}
		SccProjectUniqueName1 = E:\\工作\\code\\2016.Portrait\\Portrait.GateFramework\\DB\\DAL\\DAL.csproj
		SccProjectTopLevelParentUniqueName1 = TestSln.sln
		SccProjectName1 = $/2016.Portrait/Portrait.GateFramework/DB/DAL
		SccAuxPath1 = http://192.168.1.220:8080/tfs/2016-%E4%BA%BA%E5%83%8F%E6%8A%80%E6%9C%AF%E5%BC%80%E5%8F%91%E9%A1%B9%E7%9B%AE
		SccLocalPath1 = E:\\工作\\code\\2016.Portrait\\Portrait.GateFramework\\DB\\DAL
		SccProvider1 = {4CA58AB2-18FA-4F8D-95D4-32DDF27D184C}
		SccProjectUniqueName2 = E:\\工作\\code\\2016.Portrait\\Portrait.GateFramework\\DB\\Model\\Model.csproj
		SccProjectTopLevelParentUniqueName2 = TestSln.sln
		SccProjectName2 = $/2016.Portrait/Portrait.GateFramework/DB/Model
		SccAuxPath2 = http://192.168.1.220:8080/tfs/2016-%E4%BA%BA%E5%83%8F%E6%8A%80%E6%9C%AF%E5%BC%80%E5%8F%91%E9%A1%B9%E7%9B%AE
		SccLocalPath2 = E:\\工作\\code\\2016.Portrait\\Portrait.GateFramework\\DB\\Model
		SccProvider2 = {4CA58AB2-18FA-4F8D-95D4-32DDF27D184C}
	EndGlobalSection
EndGlobal
