
Microsoft Visual Studio Solution File, Format Version 12.00
# Visual Studio 15
VisualStudioVersion = 15.0.26228.4
MinimumVisualStudioVersion = 10.0.40219.1
Project("{2150E333-8FDC-42A3-9474-1A3956D46DE8}") = "DB", "DB", "{09DA9B78-C525-4FDF-98FC-1BE3B331A47A}"
EndProject
Project("{FAE04EC0-301F-11D3-BF4B-00C04F79EFBC}") = "BLL", "E:\工作\code\2016.Portrait\Portrait.GateFramework\DB\BLL\BLL.csproj", "{5D1EB115-3CCD-4B35-9585-0103F387D49E}"
EndProject
Project("{FAE04EC0-301F-11D3-BF4B-00C04F79EFBC}") = "DAL", "E:\工作\code\2016.Portrait\Portrait.GateFramework\DB\DAL\DAL.csproj", "{5B2DB4F3-456F-442B-85EE-21454EAE2AA1}"
EndProject
Project("{FAE04EC0-301F-11D3-BF4B-00C04F79EFBC}") = "Model", "E:\工作\code\2016.Portrait\Portrait.GateFramework\DB\Model\Model.csproj", "{A8E0728B-0B45-4CAD-B12E-43426EB5D6CC}"
EndProject
Project("{FAE04EC0-301F-11D3-BF4B-00C04F79EFBC}") = "8InchLinuxConfigTool", "8InchLinuxConfigTool\8InchLinuxConfigTool.csproj", "{5104D792-0AB1-4834-9B06-C5F5232A7F64}"
EndProject
Global
	GlobalSection(SolutionConfigurationPlatforms) = preSolution
		Debug|Any CPU = Debug|Any CPU
		Debug|x64 = Debug|x64
		Debug|x86 = Debug|x86
		Release|Any CPU = Release|Any CPU
		Release|x64 = Release|x64
		Release|x86 = Release|x86
	EndGlobalSection
	GlobalSection(ProjectConfigurationPlatforms) = postSolution
		{5D1EB115-3CCD-4B35-9585-0103F387D49E}.Debug|Any CPU.ActiveCfg = Debug|Any CPU
		{5D1EB115-3CCD-4B35-9585-0103F387D49E}.Debug|Any CPU.Build.0 = Debug|Any CPU
		{5D1EB115-3CCD-4B35-9585-0103F387D49E}.Debug|x64.ActiveCfg = Debug|Any CPU
		{5D1EB115-3CCD-4B35-9585-0103F387D49E}.Debug|x64.Build.0 = Debug|Any CPU
		{5D1EB115-3CCD-4B35-9585-0103F387D49E}.Debug|x86.ActiveCfg = Debug|Any CPU
		{5D1EB115-3CCD-4B35-9585-0103F387D49E}.Debug|x86.Build.0 = Debug|Any CPU
		{5D1EB115-3CCD-4B35-9585-0103F387D49E}.Release|Any CPU.ActiveCfg = Release|Any CPU
		{5D1EB115-3CCD-4B35-9585-0103F387D49E}.Release|Any CPU.Build.0 = Release|Any CPU
		{5D1EB115-3CCD-4B35-9585-0103F387D49E}.Release|x64.ActiveCfg = Release|Any CPU
		{5D1EB115-3CCD-4B35-9585-0103F387D49E}.Release|x64.Build.0 = Release|Any CPU
		{5D1EB115-3CCD-4B35-9585-0103F387D49E}.Release|x86.ActiveCfg = Release|Any CPU
		{5D1EB115-3CCD-4B35-9585-0103F387D49E}.Release|x86.Build.0 = Release|Any CPU
		{5B2DB4F3-456F-442B-85EE-21454EAE2AA1}.Debug|Any CPU.ActiveCfg = Debug|Any CPU
		{5B2DB4F3-456F-442B-85EE-21454EAE2AA1}.Debug|Any CPU.Build.0 = Debug|Any CPU
		{5B2DB4F3-456F-442B-85EE-21454EAE2AA1}.Debug|x64.ActiveCfg = Debug|Any CPU
		{5B2DB4F3-456F-442B-85EE-21454EAE2AA1}.Debug|x64.Build.0 = Debug|Any CPU
		{5B2DB4F3-456F-442B-85EE-21454EAE2AA1}.Debug|x86.ActiveCfg = Debug|Any CPU
		{5B2DB4F3-456F-442B-85EE-21454EAE2AA1}.Debug|x86.Build.0 = Debug|Any CPU
		{5B2DB4F3-456F-442B-85EE-21454EAE2AA1}.Release|Any CPU.ActiveCfg = Release|Any CPU
		{5B2DB4F3-456F-442B-85EE-21454EAE2AA1}.Release|Any CPU.Build.0 = Release|Any CPU
		{5B2DB4F3-456F-442B-85EE-21454EAE2AA1}.Release|x64.ActiveCfg = Release|Any CPU
		{5B2DB4F3-456F-442B-85EE-21454EAE2AA1}.Release|x64.Build.0 = Release|Any CPU
		{5B2DB4F3-456F-442B-85EE-21454EAE2AA1}.Release|x86.ActiveCfg = Release|Any CPU
		{5B2DB4F3-456F-442B-85EE-21454EAE2AA1}.Release|x86.Build.0 = Release|Any CPU
		{A8E0728B-0B45-4CAD-B12E-43426EB5D6CC}.Debug|Any CPU.ActiveCfg = Debug|Any CPU
		{A8E0728B-0B45-4CAD-B12E-43426EB5D6CC}.Debug|Any CPU.Build.0 = Debug|Any CPU
		{A8E0728B-0B45-4CAD-B12E-43426EB5D6CC}.Debug|x64.ActiveCfg = Debug|Any CPU
		{A8E0728B-0B45-4CAD-B12E-43426EB5D6CC}.Debug|x64.Build.0 = Debug|Any CPU
		{A8E0728B-0B45-4CAD-B12E-43426EB5D6CC}.Debug|x86.ActiveCfg = Debug|Any CPU
		{A8E0728B-0B45-4CAD-B12E-43426EB5D6CC}.Debug|x86.Build.0 = Debug|Any CPU
		{A8E0728B-0B45-4CAD-B12E-43426EB5D6CC}.Release|Any CPU.ActiveCfg = Release|Any CPU
		{A8E0728B-0B45-4CAD-B12E-43426EB5D6CC}.Release|Any CPU.Build.0 = Release|Any CPU
		{A8E0728B-0B45-4CAD-B12E-43426EB5D6CC}.Release|x64.ActiveCfg = Release|Any CPU
		{A8E0728B-0B45-4CAD-B12E-43426EB5D6CC}.Release|x64.Build.0 = Release|Any CPU
		{A8E0728B-0B45-4CAD-B12E-43426EB5D6CC}.Release|x86.ActiveCfg = Release|Any CPU
		{A8E0728B-0B45-4CAD-B12E-43426EB5D6CC}.Release|x86.Build.0 = Release|Any CPU
		{5104D792-0AB1-4834-9B06-C5F5232A7F64}.Debug|Any CPU.ActiveCfg = Debug|Any CPU
		{5104D792-0AB1-4834-9B06-C5F5232A7F64}.Debug|Any CPU.Build.0 = Debug|Any CPU
		{5104D792-0AB1-4834-9B06-C5F5232A7F64}.Debug|x64.ActiveCfg = Debug|Any CPU
		{5104D792-0AB1-4834-9B06-C5F5232A7F64}.Debug|x64.Build.0 = Debug|Any CPU
		{5104D792-0AB1-4834-9B06-C5F5232A7F64}.Debug|x86.ActiveCfg = Debug|Any CPU
		{5104D792-0AB1-4834-9B06-C5F5232A7F64}.Debug|x86.Build.0 = Debug|Any CPU
		{5104D792-0AB1-4834-9B06-C5F5232A7F64}.Release|Any CPU.ActiveCfg = Release|Any CPU
		{5104D792-0AB1-4834-9B06-C5F5232A7F64}.Release|Any CPU.Build.0 = Release|Any CPU
		{5104D792-0AB1-4834-9B06-C5F5232A7F64}.Release|x64.ActiveCfg = Release|Any CPU
		{5104D792-0AB1-4834-9B06-C5F5232A7F64}.Release|x64.Build.0 = Release|Any CPU
		{5104D792-0AB1-4834-9B06-C5F5232A7F64}.Release|x86.ActiveCfg = Release|Any CPU
		{5104D792-0AB1-4834-9B06-C5F5232A7F64}.Release|x86.Build.0 = Release|Any CPU
	EndGlobalSection
	GlobalSection(SolutionProperties) = preSolution
		HideSolutionNode = FALSE
	EndGlobalSection
	GlobalSection(NestedProjects) = preSolution
		{5D1EB115-3CCD-4B35-9585-0103F387D49E} = {09DA9B78-C525-4FDF-98FC-1BE3B331A47A}
		{5B2DB4F3-456F-442B-85EE-21454EAE2AA1} = {09DA9B78-C525-4FDF-98FC-1BE3B331A47A}
		{A8E0728B-0B45-4CAD-B12E-43426EB5D6CC} = {09DA9B78-C525-4FDF-98FC-1BE3B331A47A}
	EndGlobalSection
	GlobalSection(ExtensibilityGlobals) = postSolution
		SolutionGuid = {AD5F36FA-DCE6-41A7-B5DD-B4AD700E1C3D}
	EndGlobalSection
EndGlobal
